
Microsoft Visual Studio Solution File, Format Version 12.00
# Visual Studio 15
VisualStudioVersion = 15.0.28010.2019
MinimumVisualStudioVersion = 10.0.40219.1
Project("{8BC9CEB8-8B4A-11D0-8D11-00A0C91BC942}") = "e2mil_3aganie_2", "e2mil_3aganie_2\e2mil_3aganie_2.vcxproj", "{679699E3-20CD-4890-89C0-57FC55384956}"
EndProject
Global
	GlobalSection(SolutionConfigurationPlatforms) = preSolution
		Debug|x64 = Debug|x64
		Debug|x86 = Debug|x86
		Release|x64 = Release|x64
		Release|x86 = Release|x86
	EndGlobalSection
	GlobalSection(ProjectConfigurationPlatforms) = postSolution
		{679699E3-20CD-4890-89C0-57FC55384956}.Debug|x64.ActiveCfg = Debug|x64
		{679699E3-20CD-4890-89C0-57FC55384956}.Debug|x64.Build.0 = Debug|x64
		{679699E3-20CD-4890-89C0-57FC55384956}.Debug|x86.ActiveCfg = Debug|Win32
		{679699E3-20CD-4890-89C0-57FC55384956}.Debug|x86.Build.0 = Debug|Win32
		{679699E3-20CD-4890-89C0-57FC55384956}.Release|x64.ActiveCfg = Release|x64
		{679699E3-20CD-4890-89C0-57FC55384956}.Release|x64.Build.0 = Release|x64
		{679699E3-20CD-4890-89C0-57FC55384956}.Release|x86.ActiveCfg = Release|Win32
		{679699E3-20CD-4890-89C0-57FC55384956}.Release|x86.Build.0 = Release|Win32
	EndGlobalSection
	GlobalSection(SolutionProperties) = preSolution
		HideSolutionNode = FALSE
	EndGlobalSection
	GlobalSection(ExtensibilityGlobals) = postSolution
		SolutionGuid = {3443622B-E4CD-4349-8C13-BE3937CDDA84}
	EndGlobalSection
EndGlobal
